{
    "_readme": [
        "This file locks the dependencies of your project to a known state",
        "Read more about it at https://getcomposer.org/doc/01-basic-usage.md#composer-lock-the-lock-file",
        "This file is @generated automatically"
    ],
    "content-hash": "e24a5f5369d6297b41583330343379f2",
    "packages": [
        {
            "name": "wazsmwazsm/workerf",
            "version": "1.0.0",
            "source": {
                "type": "git",
                "url": "https://github.com/wazsmwazsm/WorkerF.git",
                "reference": "c6cde5e5e6d0b51fabc5c54c4fc0246abdefb23b"
            },
            "dist": {
                "type": "zip",
                "url": "https://files.phpcomposer.com/files/wazsmwazsm/WorkerF/c6cde5e5e6d0b51fabc5c54c4fc0246abdefb23b.zip",
                "reference": "c6cde5e5e6d0b51fabc5c54c4fc0246abdefb23b",
                "shasum": ""
            },
            "require": {
                "ext-pdo": "*",
                "ext-pdo_mysql": "*",
                "php": ">=5.4",
                "workerman/workerman": "^3.4"
            },
            "type": "library",
            "autoload": {
                "psr-4": {
                    "WorkerF\\": "src/WorkerF/"
                }
            },
            "notification-url": "https://packagist.org/downloads/",
            "license": [
                "MIT"
            ],
            "authors": [
                {
                    "name": "MrQin",
                    "email": "942443360@qq.com"
                }
            ],
            "description": "A http framework for workerman.",
            "homepage": "https://github.com/wazsmwazsm/WorkerF",
            "keywords": [
                "framework",
                "workerman"
            ],
            "time": "2017-09-26T01:46:10+00:00"
        },
        {
            "name": "workerman/workerman",
            "version": "v3.5.1",
            "source": {
                "type": "git",
                "url": "https://github.com/walkor/Workerman.git",
                "reference": "01aadefdc3e7bf65dd0956d1d876bc9d27cd9156"
            },
            "dist": {
                "type": "zip",
                "url": "https://files.phpcomposer.com/files/walkor/Workerman/01aadefdc3e7bf65dd0956d1d876bc9d27cd9156.zip",
                "reference": "01aadefdc3e7bf65dd0956d1d876bc9d27cd9156",
                "shasum": ""
            },
            "require": {
                "ext-pcntl": "*",
                "ext-posix": "*",
                "php": ">=5.3"
            },
            "suggest": {
                "ext-event": "For better performance. "
            },
            "type": "library",
            "autoload": {
                "psr-4": {
                    "Workerman\\": "./"
                }
            },
            "notification-url": "https://packagist.org/downloads/",
            "license": [
                "MIT"
            ],
            "authors": [
                {
                    "name": "walkor",
                    "email": "walkor@workerman.net",
                    "homepage": "http://www.workerman.net",
                    "role": "Developer"
                }
            ],
            "description": "An asynchronous event driven PHP framework for easily building fast, scalable network applications.",
            "homepage": "http://www.workerman.net",
            "keywords": [
                "asynchronous",
                "event-loop"
            ],
            "time": "2017-08-25T08:26:28+00:00"
        }
    ],
    "packages-dev": [],
    "aliases": [],
    "minimum-stability": "stable",
    "stability-flags": [],
    "prefer-stable": false,
    "prefer-lowest": false,
    "platform": {
        "ext-pdo": "*",
        "ext-pdo_mysql": "*"
    },
    "platform-dev": []
}
